
Microsoft Visual Studio Solution File, Format Version 12.00
# Visual Studio Version 16
VisualStudioVersion = 16.0.32106.194
MinimumVisualStudioVersion = 10.0.40219.1
Project("{88A30576-7583-4F75-8136-5EFD2C14ADFF}") = "CrmPackage", "CrmPackage\CrmPackage.csproj", "{8A5A92CF-4B9F-46D7-B222-833E5EC3A9F4}"
	ProjectSection(ProjectDependencies) = postProject
		{BFC0A6AE-8414-40F4-8EED-67C324494727} = {BFC0A6AE-8414-40F4-8EED-67C324494727}
	EndProjectSection
EndProject
Project("{FAE04EC0-301F-11D3-BF4B-00C04F79EFBC}") = "Plugins", "Plugins\Plugins.csproj", "{BFC0A6AE-8414-40F4-8EED-67C324494727}"
EndProject
Global
	GlobalSection(SolutionConfigurationPlatforms) = preSolution
		Debug|Any CPU = Debug|Any CPU
		Release|Any CPU = Release|Any CPU
	EndGlobalSection
	GlobalSection(ProjectConfigurationPlatforms) = postSolution
		{8A5A92CF-4B9F-46D7-B222-833E5EC3A9F4}.Debug|Any CPU.ActiveCfg = Debug|Any CPU
		{8A5A92CF-4B9F-46D7-B222-833E5EC3A9F4}.Debug|Any CPU.Build.0 = Debug|Any CPU
		{8A5A92CF-4B9F-46D7-B222-833E5EC3A9F4}.Debug|Any CPU.Deploy.0 = Debug|Any CPU
		{8A5A92CF-4B9F-46D7-B222-833E5EC3A9F4}.Release|Any CPU.ActiveCfg = Release|Any CPU
		{8A5A92CF-4B9F-46D7-B222-833E5EC3A9F4}.Release|Any CPU.Build.0 = Release|Any CPU
		{8A5A92CF-4B9F-46D7-B222-833E5EC3A9F4}.Release|Any CPU.Deploy.0 = Release|Any CPU
		{BFC0A6AE-8414-40F4-8EED-67C324494727}.Debug|Any CPU.ActiveCfg = Debug|Any CPU
		{BFC0A6AE-8414-40F4-8EED-67C324494727}.Debug|Any CPU.Build.0 = Debug|Any CPU
		{BFC0A6AE-8414-40F4-8EED-67C324494727}.Release|Any CPU.ActiveCfg = Release|Any CPU
		{BFC0A6AE-8414-40F4-8EED-67C324494727}.Release|Any CPU.Build.0 = Release|Any CPU
	EndGlobalSection
	GlobalSection(SolutionProperties) = preSolution
		HideSolutionNode = FALSE
	EndGlobalSection
	GlobalSection(ExtensibilityGlobals) = postSolution
		SolutionGuid = {0EB64BF2-107D-4AF1-A3F7-13C0428FD18F}
	EndGlobalSection
	GlobalSection(CRMSolutionProperties) = preSolution
		SolutionIsBoundToCRM = True
	EndGlobalSection
EndGlobal
